
Microsoft Visual Studio Solution File, Format Version 12.00
# Visual Studio 14
VisualStudioVersion = 14.0.25420.1
MinimumVisualStudioVersion = 10.0.40219.1
Project("{FAE04EC0-301F-11D3-BF4B-00C04F79EFBC}") = "Pachyderm_Noise_Control", "Pachyderm_Noise_Control\Pachyderm_Noise_Control.csproj", "{4789F00E-54F0-4B43-8DA6-CA2617333827}"
EndProject
Project("{FAE04EC0-301F-11D3-BF4B-00C04F79EFBC}") = "Pachyderm_NoiseGH", "MyProject1\Pachyderm_NoiseGH.csproj", "{02488770-ACF1-46F9-80D4-66E7AB962B67}"
EndProject
Global
	GlobalSection(SolutionConfigurationPlatforms) = preSolution
		Debug|Any CPU = Debug|Any CPU
		Debug32|Any CPU = Debug32|Any CPU
		Debug64|Any CPU = Debug64|Any CPU
		Release|Any CPU = Release|Any CPU
	EndGlobalSection
	GlobalSection(ProjectConfigurationPlatforms) = postSolution
		{4789F00E-54F0-4B43-8DA6-CA2617333827}.Debug|Any CPU.ActiveCfg = Debug|Any CPU
		{4789F00E-54F0-4B43-8DA6-CA2617333827}.Debug|Any CPU.Build.0 = Debug|Any CPU
		{4789F00E-54F0-4B43-8DA6-CA2617333827}.Debug32|Any CPU.ActiveCfg = Debug|Any CPU
		{4789F00E-54F0-4B43-8DA6-CA2617333827}.Debug32|Any CPU.Build.0 = Debug|Any CPU
		{4789F00E-54F0-4B43-8DA6-CA2617333827}.Debug64|Any CPU.ActiveCfg = Debug|Any CPU
		{4789F00E-54F0-4B43-8DA6-CA2617333827}.Debug64|Any CPU.Build.0 = Debug|Any CPU
		{4789F00E-54F0-4B43-8DA6-CA2617333827}.Release|Any CPU.ActiveCfg = Release|Any CPU
		{4789F00E-54F0-4B43-8DA6-CA2617333827}.Release|Any CPU.Build.0 = Release|Any CPU
		{02488770-ACF1-46F9-80D4-66E7AB962B67}.Debug|Any CPU.ActiveCfg = Debug64|Any CPU
		{02488770-ACF1-46F9-80D4-66E7AB962B67}.Debug|Any CPU.Build.0 = Debug64|Any CPU
		{02488770-ACF1-46F9-80D4-66E7AB962B67}.Debug32|Any CPU.ActiveCfg = Debug32|Any CPU
		{02488770-ACF1-46F9-80D4-66E7AB962B67}.Debug32|Any CPU.Build.0 = Debug32|Any CPU
		{02488770-ACF1-46F9-80D4-66E7AB962B67}.Debug64|Any CPU.ActiveCfg = Debug64|Any CPU
		{02488770-ACF1-46F9-80D4-66E7AB962B67}.Debug64|Any CPU.Build.0 = Debug64|Any CPU
		{02488770-ACF1-46F9-80D4-66E7AB962B67}.Release|Any CPU.ActiveCfg = Release|Any CPU
		{02488770-ACF1-46F9-80D4-66E7AB962B67}.Release|Any CPU.Build.0 = Release|Any CPU
	EndGlobalSection
	GlobalSection(SolutionProperties) = preSolution
		HideSolutionNode = FALSE
	EndGlobalSection
EndGlobal
